
Microsoft Visual Studio Solution File, Format Version 12.00
# Visual Studio Version 17
VisualStudioVersion = 17.9.34622.214
MinimumVisualStudioVersion = 10.0.40219.1
Project("{FAE04EC0-301F-11D3-BF4B-00C04F79EFBC}") = "Cashflow", "Cashflow\Cashflow.csproj", "{46C34039-3EB5-4C03-88B7-65D0DAC766AD}"
EndProject
Global
	GlobalSection(SolutionConfigurationPlatforms) = preSolution
		Debug|Any CPU = Debug|Any CPU
		Release|Any CPU = Release|Any CPU
	EndGlobalSection
	GlobalSection(ProjectConfigurationPlatforms) = postSolution
		{46C34039-3EB5-4C03-88B7-65D0DAC766AD}.Debug|Any CPU.ActiveCfg = Debug|Any CPU
		{46C34039-3EB5-4C03-88B7-65D0DAC766AD}.Debug|Any CPU.Build.0 = Debug|Any CPU
		{46C34039-3EB5-4C03-88B7-65D0DAC766AD}.Release|Any CPU.ActiveCfg = Release|Any CPU
		{46C34039-3EB5-4C03-88B7-65D0DAC766AD}.Release|Any CPU.Build.0 = Release|Any CPU
	EndGlobalSection
	GlobalSection(SolutionProperties) = preSolution
		HideSolutionNode = FALSE
	EndGlobalSection
	GlobalSection(ExtensibilityGlobals) = postSolution
		SolutionGuid = {16F2B615-DD6E-48EE-A319-C08C33BDA6D6}
	EndGlobalSection
EndGlobal
