
Microsoft Visual Studio Solution File, Format Version 12.00
# Visual Studio Version 17
VisualStudioVersion = 17.9.34622.214
MinimumVisualStudioVersion = 10.0.40219.1
Project("{9A19103F-16F7-4668-BE54-9A1E7A4F7556}") = "Api", "Cashflow\Api.csproj", "{46C34039-3EB5-4C03-88B7-65D0DAC766AD}"
EndProject
Project("{FAE04EC0-301F-11D3-BF4B-00C04F79EFBC}") = "Repository", "Repository\Repository.csproj", "{BC6E433D-5067-42B6-AFD3-ECA2FAF00506}"
EndProject
Project("{FAE04EC0-301F-11D3-BF4B-00C04F79EFBC}") = "Application", "Application\Application.csproj", "{174233DD-DD9E-488C-B1B0-6044E1E07B8F}"
EndProject
Project("{FAE04EC0-301F-11D3-BF4B-00C04F79EFBC}") = "Domain", "Domain\Domain.csproj", "{5F26245B-4D56-4224-A9F3-7ED7FDEE280B}"
EndProject
Project("{FAE04EC0-301F-11D3-BF4B-00C04F79EFBC}") = "Resources", "Resources\Resources.csproj", "{C9896BC1-0156-4A74-B6DD-343DDCB465C0}"
EndProject
Global
	GlobalSection(SolutionConfigurationPlatforms) = preSolution
		Debug|Any CPU = Debug|Any CPU
		Release|Any CPU = Release|Any CPU
	EndGlobalSection
	GlobalSection(ProjectConfigurationPlatforms) = postSolution
		{46C34039-3EB5-4C03-88B7-65D0DAC766AD}.Debug|Any CPU.ActiveCfg = Debug|Any CPU
		{46C34039-3EB5-4C03-88B7-65D0DAC766AD}.Debug|Any CPU.Build.0 = Debug|Any CPU
		{46C34039-3EB5-4C03-88B7-65D0DAC766AD}.Release|Any CPU.ActiveCfg = Release|Any CPU
		{46C34039-3EB5-4C03-88B7-65D0DAC766AD}.Release|Any CPU.Build.0 = Release|Any CPU
		{BC6E433D-5067-42B6-AFD3-ECA2FAF00506}.Debug|Any CPU.ActiveCfg = Debug|Any CPU
		{BC6E433D-5067-42B6-AFD3-ECA2FAF00506}.Debug|Any CPU.Build.0 = Debug|Any CPU
		{BC6E433D-5067-42B6-AFD3-ECA2FAF00506}.Release|Any CPU.ActiveCfg = Release|Any CPU
		{BC6E433D-5067-42B6-AFD3-ECA2FAF00506}.Release|Any CPU.Build.0 = Release|Any CPU
		{174233DD-DD9E-488C-B1B0-6044E1E07B8F}.Debug|Any CPU.ActiveCfg = Debug|Any CPU
		{174233DD-DD9E-488C-B1B0-6044E1E07B8F}.Debug|Any CPU.Build.0 = Debug|Any CPU
		{174233DD-DD9E-488C-B1B0-6044E1E07B8F}.Release|Any CPU.ActiveCfg = Release|Any CPU
		{174233DD-DD9E-488C-B1B0-6044E1E07B8F}.Release|Any CPU.Build.0 = Release|Any CPU
		{5F26245B-4D56-4224-A9F3-7ED7FDEE280B}.Debug|Any CPU.ActiveCfg = Debug|Any CPU
		{5F26245B-4D56-4224-A9F3-7ED7FDEE280B}.Debug|Any CPU.Build.0 = Debug|Any CPU
		{5F26245B-4D56-4224-A9F3-7ED7FDEE280B}.Release|Any CPU.ActiveCfg = Release|Any CPU
		{5F26245B-4D56-4224-A9F3-7ED7FDEE280B}.Release|Any CPU.Build.0 = Release|Any CPU
		{C9896BC1-0156-4A74-B6DD-343DDCB465C0}.Debug|Any CPU.ActiveCfg = Debug|Any CPU
		{C9896BC1-0156-4A74-B6DD-343DDCB465C0}.Debug|Any CPU.Build.0 = Debug|Any CPU
		{C9896BC1-0156-4A74-B6DD-343DDCB465C0}.Release|Any CPU.ActiveCfg = Release|Any CPU
		{C9896BC1-0156-4A74-B6DD-343DDCB465C0}.Release|Any CPU.Build.0 = Release|Any CPU
	EndGlobalSection
	GlobalSection(SolutionProperties) = preSolution
		HideSolutionNode = FALSE
	EndGlobalSection
	GlobalSection(ExtensibilityGlobals) = postSolution
		SolutionGuid = {16F2B615-DD6E-48EE-A319-C08C33BDA6D6}
	EndGlobalSection
EndGlobal
